{
  "name": "nolicensedep",
  "version": "1.0.0",
  "lockfileVersion": 2,
  "requires": true,
  "packages": {
    "": {
      "name": "nolicensedep",
      "version": "1.0.0",
      "dependencies": {
        "nolicense": "^1.0.1"
      }
    },
    "node_modules/nolicense": {
      "version": "1.0.1",
      "resolved": "https://registry.npmjs.org/nolicense/-/nolicense-1.0.1.tgz",
      "integrity": "sha512-pi2IWuHdIHAlJVOMXRPaLb9RwjPv8OprDoFlCCcK2S5I5Gp0T2DIFFKYzK1qaoivvFw74upEXsJ9hPbsgKQO3g=="
    }
  },
  "dependencies": {
    "nolicense": {
      "version": "1.0.1",
      "resolved": "https://registry.npmjs.org/nolicense/-/nolicense-1.0.1.tgz",
      "integrity": "sha512-pi2IWuHdIHAlJVOMXRPaLb9RwjPv8OprDoFlCCcK2S5I5Gp0T2DIFFKYzK1qaoivvFw74upEXsJ9hPbsgKQO3g=="
    }
  }
}
